# THIS IS AN AUTOGENERATED FILE. DO NOT EDIT THIS FILE DIRECTLY.
# yarn lockfile v1


sweet-collections@^1.0.3:
  version "1.0.3"
  resolved "https://registry.yarnpkg.com/sweet-collections/-/sweet-collections-1.0.3.tgz#838640556f6ab0b9f18a4ccfe0fe9f3384d5e4e4"
  integrity sha512-0P8qpGQJE32fHDKXSYu6abF+c4zAPvuEJZ3W3tYpkpIbUawbvYZq5PpaXFafWtKb9HgnMG2kxFWgdFdwqXzE8A==
